
Microsoft Visual Studio Solution File, Format Version 12.00
# Visual Studio Version 17
VisualStudioVersion = 17.11.35312.102
MinimumVisualStudioVersion = 10.0.40219.1
Project("{FAE04EC0-301F-11D3-BF4B-00C04F79EFBC}") = "MovieStoreB", "MovieStoreB\MovieStoreB.csproj", "{646BED62-6FDF-4077-8F15-CAC83317E896}"
EndProject
Project("{FAE04EC0-301F-11D3-BF4B-00C04F79EFBC}") = "MovieStoreB.Models", "MovieStoreB.Models\MovieStoreB.Models.csproj", "{7A30C47E-4C97-49B3-BE5B-C51A8406BCB6}"
EndProject
Project("{FAE04EC0-301F-11D3-BF4B-00C04F79EFBC}") = "MovieStoreB.DL", "MovieStoreB.DL\MovieStoreB.DL.csproj", "{59670F52-AA0B-4737-A8E2-362AE5470149}"
EndProject
Project("{FAE04EC0-301F-11D3-BF4B-00C04F79EFBC}") = "MovieStoreB.BL", "MovieStoreB.BL\MovieStoreB.BL.csproj", "{E81B897E-C5A9-4977-93C5-9E884ADA5F09}"
EndProject
Global
	GlobalSection(SolutionConfigurationPlatforms) = preSolution
		Debug|Any CPU = Debug|Any CPU
		Release|Any CPU = Release|Any CPU
	EndGlobalSection
	GlobalSection(ProjectConfigurationPlatforms) = postSolution
		{646BED62-6FDF-4077-8F15-CAC83317E896}.Debug|Any CPU.ActiveCfg = Debug|Any CPU
		{646BED62-6FDF-4077-8F15-CAC83317E896}.Debug|Any CPU.Build.0 = Debug|Any CPU
		{646BED62-6FDF-4077-8F15-CAC83317E896}.Release|Any CPU.ActiveCfg = Release|Any CPU
		{646BED62-6FDF-4077-8F15-CAC83317E896}.Release|Any CPU.Build.0 = Release|Any CPU
		{7A30C47E-4C97-49B3-BE5B-C51A8406BCB6}.Debug|Any CPU.ActiveCfg = Debug|Any CPU
		{7A30C47E-4C97-49B3-BE5B-C51A8406BCB6}.Debug|Any CPU.Build.0 = Debug|Any CPU
		{7A30C47E-4C97-49B3-BE5B-C51A8406BCB6}.Release|Any CPU.ActiveCfg = Release|Any CPU
		{7A30C47E-4C97-49B3-BE5B-C51A8406BCB6}.Release|Any CPU.Build.0 = Release|Any CPU
		{59670F52-AA0B-4737-A8E2-362AE5470149}.Debug|Any CPU.ActiveCfg = Debug|Any CPU
		{59670F52-AA0B-4737-A8E2-362AE5470149}.Debug|Any CPU.Build.0 = Debug|Any CPU
		{59670F52-AA0B-4737-A8E2-362AE5470149}.Release|Any CPU.ActiveCfg = Release|Any CPU
		{59670F52-AA0B-4737-A8E2-362AE5470149}.Release|Any CPU.Build.0 = Release|Any CPU
		{E81B897E-C5A9-4977-93C5-9E884ADA5F09}.Debug|Any CPU.ActiveCfg = Debug|Any CPU
		{E81B897E-C5A9-4977-93C5-9E884ADA5F09}.Debug|Any CPU.Build.0 = Debug|Any CPU
		{E81B897E-C5A9-4977-93C5-9E884ADA5F09}.Release|Any CPU.ActiveCfg = Release|Any CPU
		{E81B897E-C5A9-4977-93C5-9E884ADA5F09}.Release|Any CPU.Build.0 = Release|Any CPU
	EndGlobalSection
	GlobalSection(SolutionProperties) = preSolution
		HideSolutionNode = FALSE
	EndGlobalSection
	GlobalSection(ExtensibilityGlobals) = postSolution
		SolutionGuid = {E4005E25-CD17-49D9-B904-5E6A1E409A3B}
	EndGlobalSection
EndGlobal
